
Microsoft Visual Studio Solution File, Format Version 12.00
# Visual Studio Version 16
VisualStudioVersion = 16.0.30804.86
MinimumVisualStudioVersion = 10.0.40219.1
Project("{FAE04EC0-301F-11D3-BF4B-00C04F79EFBC}") = "PuyoPac", "src\PuyoPac\PuyoPac.csproj", "{DF24B1DC-1B8B-44A9-8FCA-7C42429B3605}"
EndProject
Global
	GlobalSection(SolutionConfigurationPlatforms) = preSolution
		Debug|Any CPU = Debug|Any CPU
		Release|Any CPU = Release|Any CPU
	EndGlobalSection
	GlobalSection(ProjectConfigurationPlatforms) = postSolution
		{DF24B1DC-1B8B-44A9-8FCA-7C42429B3605}.Debug|Any CPU.ActiveCfg = Debug|Any CPU
		{DF24B1DC-1B8B-44A9-8FCA-7C42429B3605}.Debug|Any CPU.Build.0 = Debug|Any CPU
		{DF24B1DC-1B8B-44A9-8FCA-7C42429B3605}.Release|Any CPU.ActiveCfg = Release|Any CPU
		{DF24B1DC-1B8B-44A9-8FCA-7C42429B3605}.Release|Any CPU.Build.0 = Release|Any CPU
	EndGlobalSection
	GlobalSection(SolutionProperties) = preSolution
		HideSolutionNode = FALSE
	EndGlobalSection
	GlobalSection(ExtensibilityGlobals) = postSolution
		SolutionGuid = {7FD2709D-0C03-454B-86FF-7AB6FBA4B449}
	EndGlobalSection
EndGlobal
